
Microsoft Visual Studio Solution File, Format Version 12.00
# Visual Studio Version 16
VisualStudioVersion = 16.0.30611.23
MinimumVisualStudioVersion = 10.0.40219.1
Project("{FAE04EC0-301F-11D3-BF4B-00C04F79EFBC}") = "Ex1", "Ex1.csproj", "{6A6758EE-AB80-491C-9E53-F2F726FAE757}"
EndProject
Project("{FAE04EC0-301F-11D3-BF4B-00C04F79EFBC}") = "Ex2", "..\Ex2\Ex2.csproj", "{7F1D9481-A377-4414-8559-10965541B69C}"
EndProject
Project("{FAE04EC0-301F-11D3-BF4B-00C04F79EFBC}") = "Ex3", "..\Ex3\Ex3.csproj", "{08F15E85-2458-451C-B4A8-AA97AC874D3A}"
EndProject
Global
	GlobalSection(SolutionConfigurationPlatforms) = preSolution
		Debug|Any CPU = Debug|Any CPU
		Release|Any CPU = Release|Any CPU
	EndGlobalSection
	GlobalSection(ProjectConfigurationPlatforms) = postSolution
		{6A6758EE-AB80-491C-9E53-F2F726FAE757}.Debug|Any CPU.ActiveCfg = Debug|Any CPU
		{6A6758EE-AB80-491C-9E53-F2F726FAE757}.Debug|Any CPU.Build.0 = Debug|Any CPU
		{6A6758EE-AB80-491C-9E53-F2F726FAE757}.Release|Any CPU.ActiveCfg = Release|Any CPU
		{6A6758EE-AB80-491C-9E53-F2F726FAE757}.Release|Any CPU.Build.0 = Release|Any CPU
		{7F1D9481-A377-4414-8559-10965541B69C}.Debug|Any CPU.ActiveCfg = Debug|Any CPU
		{7F1D9481-A377-4414-8559-10965541B69C}.Debug|Any CPU.Build.0 = Debug|Any CPU
		{7F1D9481-A377-4414-8559-10965541B69C}.Release|Any CPU.ActiveCfg = Release|Any CPU
		{7F1D9481-A377-4414-8559-10965541B69C}.Release|Any CPU.Build.0 = Release|Any CPU
		{08F15E85-2458-451C-B4A8-AA97AC874D3A}.Debug|Any CPU.ActiveCfg = Debug|Any CPU
		{08F15E85-2458-451C-B4A8-AA97AC874D3A}.Debug|Any CPU.Build.0 = Debug|Any CPU
		{08F15E85-2458-451C-B4A8-AA97AC874D3A}.Release|Any CPU.ActiveCfg = Release|Any CPU
		{08F15E85-2458-451C-B4A8-AA97AC874D3A}.Release|Any CPU.Build.0 = Release|Any CPU
	EndGlobalSection
	GlobalSection(SolutionProperties) = preSolution
		HideSolutionNode = FALSE
	EndGlobalSection
	GlobalSection(ExtensibilityGlobals) = postSolution
		SolutionGuid = {0355F832-5167-4161-B22A-0948F56BB95F}
	EndGlobalSection
EndGlobal
